Microsoft Visual Studio Solution File, Format Version 9.00
# Visual Studio 2005
Project("{FAE04EC0-301F-11D3-BF4B-00C04F79EFBC}") = "WebSolution.Module", "WebSolution.Module\WebSolution.Module.csproj", "{C091CA70-4EB0-499B-91B3-3E3ECD9B44ED}"
	ProjectSection(WebsiteProperties) = preProject
		Debug.AspNetCompiler.Debug = "True"
		Release.AspNetCompiler.Debug = "False"
	EndProjectSection
EndProject
Project("{FAE04EC0-301F-11D3-BF4B-00C04F79EFBC}") = "WebSolution.Module.Web", "WebSolution.Module.Web\WebSolution.Module.Web.csproj", "{EE267DE7-A9C1-4F97-B689-5FA29A418249}"
	ProjectSection(WebsiteProperties) = preProject
		Debug.AspNetCompiler.Debug = "True"
		Release.AspNetCompiler.Debug = "False"
	EndProjectSection
EndProject
Project("{FAE04EC0-301F-11D3-BF4B-00C04F79EFBC}") = "WebSolution.Web", "WebSolution.Web\WebSolution.Web.csproj", "{692503DD-865C-42B1-B31C-2393B2EC4F28}"
	ProjectSection(WebsiteProperties) = preProject
		Debug.AspNetCompiler.Debug = "True"
		Release.AspNetCompiler.Debug = "False"
	EndProjectSection
EndProject
Global
	GlobalSection(SolutionConfigurationPlatforms) = preSolution
		Debug|Any CPU = Debug|Any CPU
		Release|Any CPU = Release|Any CPU
	EndGlobalSection
	GlobalSection(ProjectConfigurationPlatforms) = postSolution
		{C091CA70-4EB0-499B-91B3-3E3ECD9B44ED}.Debug|Any CPU.ActiveCfg = Debug|Any CPU
		{C091CA70-4EB0-499B-91B3-3E3ECD9B44ED}.Debug|Any CPU.Build.0 = Debug|Any CPU
		{C091CA70-4EB0-499B-91B3-3E3ECD9B44ED}.Release|Any CPU.ActiveCfg = Release|Any CPU
		{C091CA70-4EB0-499B-91B3-3E3ECD9B44ED}.Release|Any CPU.Build.0 = Release|Any CPU
		{EE267DE7-A9C1-4F97-B689-5FA29A418249}.Debug|Any CPU.ActiveCfg = Debug|Any CPU
		{EE267DE7-A9C1-4F97-B689-5FA29A418249}.Debug|Any CPU.Build.0 = Debug|Any CPU
		{EE267DE7-A9C1-4F97-B689-5FA29A418249}.Release|Any CPU.ActiveCfg = Release|Any CPU
		{EE267DE7-A9C1-4F97-B689-5FA29A418249}.Release|Any CPU.Build.0 = Release|Any CPU
		{692503DD-865C-42B1-B31C-2393B2EC4F28}.Debug|Any CPU.ActiveCfg = Debug|Any CPU
		{692503DD-865C-42B1-B31C-2393B2EC4F28}.Debug|Any CPU.Build.0 = Debug|Any CPU
		{692503DD-865C-42B1-B31C-2393B2EC4F28}.Release|Any CPU.ActiveCfg = Release|Any CPU
		{692503DD-865C-42B1-B31C-2393B2EC4F28}.Release|Any CPU.Build.0 = Release|Any CPU
	EndGlobalSection
	GlobalSection(SolutionProperties) = preSolution
		HideSolutionNode = FALSE
	EndGlobalSection
EndGlobal
